# @generated by Move, please check-in and do not edit manually.

[move]
version = 3
manifest_digest = "8D7B750E5C883B0B4A744FA4625C3D9B2C0F20AF8BF8D2BFE776184815855F60"
deps_digest = "F8BBB0CCB2491CA29A3DF03D6F92277A4F3574266507ACD77214D37ECA3F3082"
dependencies = [
  { id = "Sui", name = "Sui" },
]

[[move.package]]
id = "MoveStdlib"
source = { git = "https://github.com/MystenLabs/sui.git", rev = "framework/testnet", subdir = "crates/sui-framework/packages/move-stdlib" }

[[move.package]]
id = "Sui"
source = { git = "https://github.com/MystenLabs/sui.git", rev = "framework/testnet", subdir = "crates/sui-framework/packages/sui-framework" }

dependencies = [
  { id = "MoveStdlib", name = "MoveStdlib" },
]

[move.toolchain-version]
compiler-version = "1.62.1"
edition = "2024.beta"
flavor = "sui"

[env]

[env.testnet]
chain-id = "4c78adac"
original-published-id = "0x4b7d16e7934c3d03bd4a41c06eaf55479158a0b0e466d694c03d0a86434b3fdb"
latest-published-id = "0x4b7d16e7934c3d03bd4a41c06eaf55479158a0b0e466d694c03d0a86434b3fdb"
published-version = "1"
